
Microsoft Visual Studio Solution File, Format Version 12.00
Project("{FAE04EC0-301F-11D3-BF4B-00C04F79EFBC}") = "UParse", "UParse\UParse.csproj", "{28EB76C1-39DC-4BD2-8BF1-51701C9E30DE}"
EndProject
Project("{FAE04EC0-301F-11D3-BF4B-00C04F79EFBC}") = "UParse.Tests", "UParse.Tests\UParse.Tests.csproj", "{8CAA2283-ABDD-4EEE-8898-5FC1D9F00952}"
EndProject
Global
	GlobalSection(SolutionConfigurationPlatforms) = preSolution
		Debug|Any CPU = Debug|Any CPU
		Release|Any CPU = Release|Any CPU
	EndGlobalSection
	GlobalSection(ProjectConfigurationPlatforms) = postSolution
		{28EB76C1-39DC-4BD2-8BF1-51701C9E30DE}.Debug|Any CPU.ActiveCfg = Debug|Any CPU
		{28EB76C1-39DC-4BD2-8BF1-51701C9E30DE}.Debug|Any CPU.Build.0 = Debug|Any CPU
		{28EB76C1-39DC-4BD2-8BF1-51701C9E30DE}.Release|Any CPU.ActiveCfg = Release|Any CPU
		{28EB76C1-39DC-4BD2-8BF1-51701C9E30DE}.Release|Any CPU.Build.0 = Release|Any CPU
		{8CAA2283-ABDD-4EEE-8898-5FC1D9F00952}.Debug|Any CPU.ActiveCfg = Debug|Any CPU
		{8CAA2283-ABDD-4EEE-8898-5FC1D9F00952}.Debug|Any CPU.Build.0 = Debug|Any CPU
		{8CAA2283-ABDD-4EEE-8898-5FC1D9F00952}.Release|Any CPU.ActiveCfg = Release|Any CPU
		{8CAA2283-ABDD-4EEE-8898-5FC1D9F00952}.Release|Any CPU.Build.0 = Release|Any CPU
	EndGlobalSection
EndGlobal
